// !$*UTF8*$!
{
	archiveVersion = 1;
	classes = {
	};
	objectVersion = 110;
	objects = {

/* Begin PBXBuildFile section */
		A13C0000000000000000000C /* CookingWidgets.appex in Embed App Extensions */ = {isa = PBXBuildFile; fileRef = A13C00000000000000000002 /* CookingWidgets.appex */; settings = {ATTRIBUTES = (RemoveHeadersOnCopy, ); }; };
/* End PBXBuildFile section */

/* Begin PBXContainerItemProxy section */
		531C21D6306AE5FE00F949C2 /* PBXContainerItemProxy */ = {
			isa = PBXContainerItemProxy;
			containerPortal = 531C21BE306AE5FE00F949C2 /* Project object */;
			proxyType = 1;
			remoteGlobalIDString = 531C21C5306AE5FE00F949C2;
			remoteInfo = "Petit Chef";
		};
		531C21E0306AE5FE00F949C2 /* PBXContainerItemProxy */ = {
			isa = PBXContainerItemProxy;
			containerPortal = 531C21BE306AE5FE00F949C2 /* Project object */;
			proxyType = 1;
			remoteGlobalIDString = 531C21C5306AE5FE00F949C2;
			remoteInfo = "Petit Chef";
		};
		A13C0000000000000000000E /* PBXContainerItemProxy */ = {
			isa = PBXContainerItemProxy;
			containerPortal = 531C21BE306AE5FE00F949C2 /* Project object */;
			proxyType = 1;
			remoteGlobalIDString = A13C00000000000000000001;
			remoteInfo = CookingWidgets;
		};
/* End PBXContainerItemProxy section */

/* Begin PBXCopyFilesBuildPhase section */
		A13C0000000000000000000B /* Embed App Extensions */ = {
			isa = PBXCopyFilesBuildPhase;
			dstPath = "";
			dstSubfolder = PlugIns;
			files = (
				A13C0000000000000000000C /* CookingWidgets.appex in Embed App Extensions */,
			);
			name = "Embed App Extensions";
		};
/* End PBXCopyFilesBuildPhase section */

/* Begin PBXFileReference section */
		531C21C6306AE5FE00F949C2 /* Petit Chef.app */ = {isa = PBXFileReference; explicitFileType = wrapper.application; includeInIndex = 0; path = "Petit Chef.app"; sourceTree = BUILT_PRODUCTS_DIR; };
		531C21D5306AE5FE00F949C2 /* Petit ChefTests.xctest */ = {isa = PBXFileReference; explicitFileType = wrapper.cfbundle; includeInIndex = 0; path = "Petit ChefTests.xctest"; sourceTree = BUILT_PRODUCTS_DIR; };
		531C21DF306AE5FE00F949C2 /* Petit ChefUITests.xctest */ = {isa = PBXFileReference; explicitFileType = wrapper.cfbundle; includeInIndex = 0; path = "Petit ChefUITests.xctest"; sourceTree = BUILT_PRODUCTS_DIR; };
		A13C00000000000000000002 /* CookingWidgets.appex */ = {isa = PBXFileReference; explicitFileType = "wrapper.app-extension"; path = CookingWidgets.appex; sourceTree = BUILT_PRODUCTS_DIR; };
/* End PBXFileReference section */

/* Begin PBXFileSystemSynchronizedBuildFileExceptionSet section */
		A13C0000000000000000000F /* Exceptions for "Petit Chef" folder in "Petit Chef" target */ = {
			isa = PBXFileSystemSynchronizedBuildFileExceptionSet;
			membershipExceptions = (
				Info.plist,
			);
			target = 531C21C5306AE5FE00F949C2 /* Petit Chef */;
		};
		A13C00000000000000000010 /* Exceptions for "CookingWidgets" folder in "CookingWidgets" target */ = {
			isa = PBXFileSystemSynchronizedBuildFileExceptionSet;
			membershipExceptions = (
				Info.plist,
			);
			target = A13C00000000000000000001 /* CookingWidgets */;
		};
/* End PBXFileSystemSynchronizedBuildFileExceptionSet section */

/* Begin PBXFileSystemSynchronizedRootGroup section */
		531C21C8306AE5FE00F949C2 /* Petit Chef */ = {
			isa = PBXFileSystemSynchronizedRootGroup;
			exceptions = (
				A13C0000000000000000000F /* Exceptions for "Petit Chef" folder in "Petit Chef" target */,
			);
			path = "Petit Chef";
			sourceTree = "<group>";
		};
		531C21D8306AE5FE00F949C2 /* Petit ChefTests */ = {
			isa = PBXFileSystemSynchronizedRootGroup;
			path = "Petit ChefTests";
			sourceTree = "<group>";
		};
		531C21E2306AE5FE00F949C2 /* Petit ChefUITests */ = {
			isa = PBXFileSystemSynchronizedRootGroup;
			path = "Petit ChefUITests";
			sourceTree = "<group>";
		};
		A13C00000000000000000003 /* CookingWidgets */ = {
			isa = PBXFileSystemSynchronizedRootGroup;
			exceptions = (
				A13C00000000000000000010 /* Exceptions for "CookingWidgets" folder in "CookingWidgets" target */,
			);
			path = CookingWidgets;
			sourceTree = "<group>";
		};
		A13C00000000000000000004 /* Shared */ = {
			isa = PBXFileSystemSynchronizedRootGroup;
			path = Shared;
			sourceTree = "<group>";
		};
/* End PBXFileSystemSynchronizedRootGroup section */

/* Begin PBXFrameworksBuildPhase section */
		531C21C3306AE5FE00F949C2 /* Frameworks */ = {
			isa = PBXFrameworksBuildPhase;
			files = (
			);
		};
		531C21D2306AE5FE00F949C2 /* Frameworks */ = {
			isa = PBXFrameworksBuildPhase;
			files = (
			);
		};
		531C21DC306AE5FE00F949C2 /* Frameworks */ = {
			isa = PBXFrameworksBuildPhase;
			files = (
			);
		};
		A13C00000000000000000006 /* Frameworks */ = {
			isa = PBXFrameworksBuildPhase;
			files = (
			);
		};
/* End PBXFrameworksBuildPhase section */

/* Begin PBXGroup section */
		531C21BD306AE5FE00F949C2 = {
			isa = PBXGroup;
			children = (
				531C21C8306AE5FE00F949C2 /* Petit Chef */,
				531C21D8306AE5FE00F949C2 /* Petit ChefTests */,
				531C21E2306AE5FE00F949C2 /* Petit ChefUITests */,
				A13C00000000000000000003 /* CookingWidgets */,
				A13C00000000000000000004 /* Shared */,
				531C21C7306AE5FE00F949C2 /* Products */,
			);
			sourceTree = "<group>";
		};
		531C21C7306AE5FE00F949C2 /* Products */ = {
			isa = PBXGroup;
			children = (
				A13C00000000000000000002 /* CookingWidgets.appex */,
				531C21C6306AE5FE00F949C2 /* Petit Chef.app */,
				531C21D5306AE5FE00F949C2 /* Petit ChefTests.xctest */,
				531C21DF306AE5FE00F949C2 /* Petit ChefUITests.xctest */,
			);
			name = Products;
			sourceTree = "<group>";
		};
/* End PBXGroup section */

/* Begin PBXNativeTarget section */
		531C21C5306AE5FE00F949C2 /* Petit Chef */ = {
			isa = PBXNativeTarget;
			buildConfigurationList = 531C21E7306AE5FE00F949C2 /* Build configuration list for PBXNativeTarget "Petit Chef" */;
			buildPhases = (
				531C21C2306AE5FE00F949C2 /* Sources */,
				531C21C3306AE5FE00F949C2 /* Frameworks */,
				531C21C4306AE5FE00F949C2 /* Resources */,
				A13C0000000000000000000B /* Embed App Extensions */,
			);
			buildRules = (
			);
			dependencies = (
				A13C0000000000000000000D /* PBXTargetDependency */,
			);
			fileSystemSynchronizedGroups = (
				531C21C8306AE5FE00F949C2 /* Petit Chef */,
				A13C00000000000000000004 /* Shared */,
			);
			name = "Petit Chef";
			productName = "Petit Chef";
			productReference = 531C21C6306AE5FE00F949C2 /* Petit Chef.app */;
			productType = "com.apple.product-type.application";
		};
		531C21D4306AE5FE00F949C2 /* Petit ChefTests */ = {
			isa = PBXNativeTarget;
			buildConfigurationList = 531C21EA306AE5FE00F949C2 /* Build configuration list for PBXNativeTarget "Petit ChefTests" */;
			buildPhases = (
				531C21D1306AE5FE00F949C2 /* Sources */,
				531C21D2306AE5FE00F949C2 /* Frameworks */,
				531C21D3306AE5FE00F949C2 /* Resources */,
			);
			buildRules = (
			);
			dependencies = (
				531C21D7306AE5FE00F949C2 /* PBXTargetDependency */,
			);
			fileSystemSynchronizedGroups = (
				531C21D8306AE5FE00F949C2 /* Petit ChefTests */,
			);
			name = "Petit ChefTests";
			productName = "Petit ChefTests";
			productReference = 531C21D5306AE5FE00F949C2 /* Petit ChefTests.xctest */;
			productType = "com.apple.product-type.bundle.unit-test";
		};
		531C21DE306AE5FE00F949C2 /* Petit ChefUITests */ = {
			isa = PBXNativeTarget;
			buildConfigurationList = 531C21ED306AE5FE00F949C2 /* Build configuration list for PBXNativeTarget "Petit ChefUITests" */;
			buildPhases = (
				531C21DB306AE5FE00F949C2 /* Sources */,
				531C21DC306AE5FE00F949C2 /* Frameworks */,
				531C21DD306AE5FE00F949C2 /* Resources */,
			);
			buildRules = (
			);
			dependencies = (
				531C21E1306AE5FE00F949C2 /* PBXTargetDependency */,
			);
			fileSystemSynchronizedGroups = (
				531C21E2306AE5FE00F949C2 /* Petit ChefUITests */,
			);
			name = "Petit ChefUITests";
			productName = "Petit ChefUITests";
			productReference = 531C21DF306AE5FE00F949C2 /* Petit ChefUITests.xctest */;
			productType = "com.apple.product-type.bundle.ui-testing";
		};
		A13C00000000000000000001 /* CookingWidgets */ = {
			isa = PBXNativeTarget;
			buildConfigurationList = A13C00000000000000000008 /* Build configuration list for PBXNativeTarget "CookingWidgets" */;
			buildPhases = (
				A13C00000000000000000005 /* Sources */,
				A13C00000000000000000006 /* Frameworks */,
				A13C00000000000000000007 /* Resources */,
			);
			buildRules = (
			);
			fileSystemSynchronizedGroups = (
				A13C00000000000000000003 /* CookingWidgets */,
				A13C00000000000000000004 /* Shared */,
			);
			name = CookingWidgets;
			productName = CookingWidgets;
			productReference = A13C00000000000000000002 /* CookingWidgets.appex */;
			productType = "com.apple.product-type.app-extension";
		};
/* End PBXNativeTarget section */

/* Begin PBXProject section */
		531C21BE306AE5FE00F949C2 /* Project object */ = {
			isa = PBXProject;
			attributes = {
				BuildIndependentTargetsInParallel = 1;
				LastSwiftUpdateCheck = 2700;
				LastUpgradeCheck = 2700;
				TargetAttributes = {
					531C21C5306AE5FE00F949C2 = {
						CreatedOnToolsVersion = 27.0;
						SystemCapabilities = {
							com.apple.SignInWithApple = {
								enabled = 1;
							};
						};
					};
					531C21D4306AE5FE00F949C2 = {
						CreatedOnToolsVersion = 27.0;
						TestTargetID = 531C21C5306AE5FE00F949C2;
					};
					531C21DE306AE5FE00F949C2 = {
						CreatedOnToolsVersion = 27.0;
						TestTargetID = 531C21C5306AE5FE00F949C2;
					};
				};
			};
			buildConfigurationList = 531C21C1306AE5FE00F949C2 /* Build configuration list for PBXProject "Petit Chef" */;
			developmentRegion = fr;
			hasScannedForEncodings = 0;
			knownRegions = (
				fr,
				en,
				Base,
			);
			mainGroup = 531C21BD306AE5FE00F949C2;
			minimizedProjectReferenceProxies = 1;
			preferredProjectObjectVersion = 77;
			productRefGroup = 531C21C7306AE5FE00F949C2 /* Products */;
			projectDirPath = "";
			projectRoot = "";
			targets = (
				A13C00000000000000000001 /* CookingWidgets */,
				531C21C5306AE5FE00F949C2 /* Petit Chef */,
				531C21D4306AE5FE00F949C2 /* Petit ChefTests */,
				531C21DE306AE5FE00F949C2 /* Petit ChefUITests */,
			);
		};
/* End PBXProject section */

/* Begin PBXResourcesBuildPhase section */
		531C21C4306AE5FE00F949C2 /* Resources */ = {
			isa = PBXResourcesBuildPhase;
			files = (
			);
		};
		531C21D3306AE5FE00F949C2 /* Resources */ = {
			isa = PBXResourcesBuildPhase;
			files = (
			);
		};
		531C21DD306AE5FE00F949C2 /* Resources */ = {
			isa = PBXResourcesBuildPhase;
			files = (
			);
		};
		A13C00000000000000000007 /* Resources */ = {
			isa = PBXResourcesBuildPhase;
			files = (
			);
		};
/* End PBXResourcesBuildPhase section */

/* Begin PBXSourcesBuildPhase section */
		531C21C2306AE5FE00F949C2 /* Sources */ = {
			isa = PBXSourcesBuildPhase;
			files = (
			);
		};
		531C21D1306AE5FE00F949C2 /* Sources */ = {
			isa = PBXSourcesBuildPhase;
			files = (
			);
		};
		531C21DB306AE5FE00F949C2 /* Sources */ = {
			isa = PBXSourcesBuildPhase;
			files = (
			);
		};
		A13C00000000000000000005 /* Sources */ = {
			isa = PBXSourcesBuildPhase;
			files = (
			);
		};
/* End PBXSourcesBuildPhase section */

/* Begin PBXTargetDependency section */
		531C21D7306AE5FE00F949C2 /* PBXTargetDependency */ = {
			isa = PBXTargetDependency;
			target = 531C21C5306AE5FE00F949C2 /* Petit Chef */;
			targetProxy = 531C21D6306AE5FE00F949C2 /* PBXContainerItemProxy */;
		};
		531C21E1306AE5FE00F949C2 /* PBXTargetDependency */ = {
			isa = PBXTargetDependency;
			target = 531C21C5306AE5FE00F949C2 /* Petit Chef */;
			targetProxy = 531C21E0306AE5FE00F949C2 /* PBXContainerItemProxy */;
		};
		A13C0000000000000000000D /* PBXTargetDependency */ = {
			isa = PBXTargetDependency;
			target = A13C00000000000000000001 /* CookingWidgets */;
			targetProxy = A13C0000000000000000000E /* PBXContainerItemProxy */;
		};
/* End PBXTargetDependency section */

/* Begin XCBuildConfiguration section */
		531C21E5306AE5FE00F949C2 /* Debug configuration for PBXProject "Petit Chef" */ = {
			isa = XCBuildConfiguration;
			buildSettings = {
				ALWAYS_SEARCH_USER_PATHS = NO;
				ASSETCATALOG_COMPILER_GENERATE_SWIFT_ASSET_SYMBOL_EXTENSIONS = YES;
				CLANG_ANALYZER_NONNULL = YES;
				CLANG_ANALYZER_NUMBER_OBJECT_CONVERSION = YES_AGGRESSIVE;
				CLANG_CXX_LANGUAGE_STANDARD = "gnu++20";
				CLANG_ENABLE_MODULES = YES;
				CLANG_ENABLE_OBJC_ARC = YES;
				CLANG_ENABLE_OBJC_WEAK = YES;
				CLANG_WARN_BLOCK_CAPTURE_AUTORELEASING = YES;
				CLANG_WARN_BOOL_CONVERSION = YES;
				CLANG_WARN_COMMA = YES;
				CLANG_WARN_CONSTANT_CONVERSION = YES;
				CLANG_WARN_DEPRECATED_OBJC_IMPLEMENTATIONS = YES;
				CLANG_WARN_DIRECT_OBJC_ISA_USAGE = YES_ERROR;
				CLANG_WARN_DOCUMENTATION_COMMENTS = YES;
				CLANG_WARN_EMPTY_BODY = YES;
				CLANG_WARN_ENUM_CONVERSION = YES;
				CLANG_WARN_INFINITE_RECURSION = YES;
				CLANG_WARN_INT_CONVERSION = YES;
				CLANG_WARN_NON_LITERAL_NULL_CONVERSION = YES;
				CLANG_WARN_OBJC_IMPLICIT_RETAIN_SELF = YES;
				CLANG_WARN_OBJC_LITERAL_CONVERSION = YES;
				CLANG_WARN_OBJC_ROOT_CLASS = YES_ERROR;
				CLANG_WARN_QUOTED_INCLUDE_IN_FRAMEWORK_HEADER = YES;
				CLANG_WARN_RANGE_LOOP_ANALYSIS = YES;
				CLANG_WARN_STRICT_PROTOTYPES = YES;
				CLANG_WARN_SUSPICIOUS_MOVE = YES;
				CLANG_WARN_UNGUARDED_AVAILABILITY = YES_AGGRESSIVE;
				CLANG_WARN_UNREACHABLE_CODE = YES;
				CLANG_WARN__DUPLICATE_METHOD_MATCH = YES;
				COPY_PHASE_STRIP = NO;
				DEBUG_INFORMATION_FORMAT = dwarf;
				DEVELOPMENT_TEAM = KLKK4ST4B9;
				ENABLE_STRICT_OBJC_MSGSEND = YES;
				ENABLE_TESTABILITY = YES;
				ENABLE_USER_SCRIPT_SANDBOXING = YES;
				GCC_C_LANGUAGE_STANDARD = gnu17;
				GCC_DYNAMIC_NO_PIC = NO;
				GCC_NO_COMMON_BLOCKS = YES;
				GCC_OPTIMIZATION_LEVEL = 0;
				GCC_PREPROCESSOR_DEFINITIONS = (
					"DEBUG=1",
					"$(inherited)",
				);
				GCC_WARN_64_TO_32_BIT_CONVERSION = YES;
				GCC_WARN_ABOUT_RETURN_TYPE = YES_ERROR;
				GCC_WARN_UNDECLARED_SELECTOR = YES;
				GCC_WARN_UNINITIALIZED_AUTOS = YES_AGGRESSIVE;
				GCC_WARN_UNUSED_FUNCTION = YES;
				GCC_WARN_UNUSED_VARIABLE = YES;
				IPHONEOS_DEPLOYMENT_TARGET = 27.0;
				LOCALIZATION_PREFERS_STRING_CATALOGS = YES;
				MTL_ENABLE_DEBUG_INFO = INCLUDE_SOURCE;
				MTL_FAST_MATH = YES;
				ONLY_ACTIVE_ARCH = YES;
				SDKROOT = iphoneos;
				SWIFT_ACTIVE_COMPILATION_CONDITIONS = "DEBUG $(inherited)";
				SWIFT_OPTIMIZATION_LEVEL = "-Onone";
			};
			name = Debug;
		};
		531C21E6306AE5FE00F949C2 /* Release configuration for PBXProject "Petit Chef" */ = {
			isa = XCBuildConfiguration;
			buildSettings = {
				ALWAYS_SEARCH_USER_PATHS = NO;
				ASSETCATALOG_COMPILER_GENERATE_SWIFT_ASSET_SYMBOL_EXTENSIONS = YES;
				CLANG_ANALYZER_NONNULL = YES;
				CLANG_ANALYZER_NUMBER_OBJECT_CONVERSION = YES_AGGRESSIVE;
				CLANG_CXX_LANGUAGE_STANDARD = "gnu++20";
				CLANG_ENABLE_MODULES = YES;
				CLANG_ENABLE_OBJC_ARC = YES;
				CLANG_ENABLE_OBJC_WEAK = YES;
				CLANG_WARN_BLOCK_CAPTURE_AUTORELEASING = YES;
				CLANG_WARN_BOOL_CONVERSION = YES;
				CLANG_WARN_COMMA = YES;
				CLANG_WARN_CONSTANT_CONVERSION = YES;
				CLANG_WARN_DEPRECATED_OBJC_IMPLEMENTATIONS = YES;
				CLANG_WARN_DIRECT_OBJC_ISA_USAGE = YES_ERROR;
				CLANG_WARN_DOCUMENTATION_COMMENTS = YES;
				CLANG_WARN_EMPTY_BODY = YES;
				CLANG_WARN_ENUM_CONVERSION = YES;
				CLANG_WARN_INFINITE_RECURSION = YES;
				CLANG_WARN_INT_CONVERSION = YES;
				CLANG_WARN_NON_LITERAL_NULL_CONVERSION = YES;
				CLANG_WARN_OBJC_IMPLICIT_RETAIN_SELF = YES;
				CLANG_WARN_OBJC_LITERAL_CONVERSION = YES;
				CLANG_WARN_OBJC_ROOT_CLASS = YES_ERROR;
				CLANG_WARN_QUOTED_INCLUDE_IN_FRAMEWORK_HEADER = YES;
				CLANG_WARN_RANGE_LOOP_ANALYSIS = YES;
				CLANG_WARN_STRICT_PROTOTYPES = YES;
				CLANG_WARN_SUSPICIOUS_MOVE = YES;
				CLANG_WARN_UNGUARDED_AVAILABILITY = YES_AGGRESSIVE;
				CLANG_WARN_UNREACHABLE_CODE = YES;
				CLANG_WARN__DUPLICATE_METHOD_MATCH = YES;
				COPY_PHASE_STRIP = NO;
				DEBUG_INFORMATION_FORMAT = "dwarf-with-dsym";
				DEVELOPMENT_TEAM = KLKK4ST4B9;
				ENABLE_NS_ASSERTIONS = NO;
				ENABLE_STRICT_OBJC_MSGSEND = YES;
				ENABLE_USER_SCRIPT_SANDBOXING = YES;
				GCC_C_LANGUAGE_STANDARD = gnu17;
				GCC_NO_COMMON_BLOCKS = YES;
				GCC_WARN_64_TO_32_BIT_CONVERSION = YES;
				GCC_WARN_ABOUT_RETURN_TYPE = YES_ERROR;
				GCC_WARN_UNDECLARED_SELECTOR = YES;
				GCC_WARN_UNINITIALIZED_AUTOS = YES_AGGRESSIVE;
				GCC_WARN_UNUSED_FUNCTION = YES;
				GCC_WARN_UNUSED_VARIABLE = YES;
				IPHONEOS_DEPLOYMENT_TARGET = 27.0;
				LOCALIZATION_PREFERS_STRING_CATALOGS = YES;
				MTL_ENABLE_DEBUG_INFO = NO;
				MTL_FAST_MATH = YES;
				SDKROOT = iphoneos;
				SWIFT_COMPILATION_MODE = wholemodule;
				VALIDATE_PRODUCT = YES;
			};
			name = Release;
		};
		531C21E8306AE5FE00F949C2 /* Debug configuration for PBXNativeTarget "Petit Chef" */ = {
			isa = XCBuildConfiguration;
			buildSettings = {
				ASSETCATALOG_COMPILER_APPICON_NAME = AppIcon;
				ASSETCATALOG_COMPILER_GLOBAL_ACCENT_COLOR_NAME = AccentColor;
				CODE_SIGN_ENTITLEMENTS = "";
				CODE_SIGN_STYLE = Automatic;
				CURRENT_PROJECT_VERSION = 1;
				DEVELOPMENT_TEAM = KLKK4ST4B9;
				ENABLE_PREVIEWS = YES;
				GENERATE_INFOPLIST_FILE = YES;
				INFOPLIST_FILE = "Petit Chef/Info.plist";
				INFOPLIST_KEY_CFBundleDisplayName = "Petit Chef";
				INFOPLIST_KEY_UIApplicationSceneManifest_Generation = YES;
				INFOPLIST_KEY_UIApplicationSupportsIndirectInputEvents = YES;
				INFOPLIST_KEY_UILaunchScreen_Generation = YES;
				INFOPLIST_KEY_UISupportedInterfaceOrientations_iPad = "UIInterfaceOrientationPortrait UIInterfaceOrientationPortraitUpsideDown UIInterfaceOrientationLandscapeLeft UIInterfaceOrientationLandscapeRight";
				INFOPLIST_KEY_UISupportedInterfaceOrientations_iPhone = "UIInterfaceOrientationPortrait UIInterfaceOrientationLandscapeLeft UIInterfaceOrientationLandscapeRight";
				LD_RUNPATH_SEARCH_PATHS = (
					"$(inherited)",
					"@executable_path/Frameworks",
				);
				MARKETING_VERSION = 0.3;
				PRODUCT_BUNDLE_IDENTIFIER = "com.marwenp.petitchef.klkk4st4b9";
				PRODUCT_NAME = "$(TARGET_NAME)";
				STRING_CATALOG_GENERATE_SYMBOLS = YES;
				SWIFT_APPROACHABLE_CONCURRENCY = YES;
				SWIFT_DEFAULT_ACTOR_ISOLATION = MainActor;
				SWIFT_EMIT_LOC_STRINGS = YES;
				SWIFT_UPCOMING_FEATURE_MEMBER_IMPORT_VISIBILITY = YES;
				SWIFT_VERSION = 5.0;
				TARGETED_DEVICE_FAMILY = "1,2";
			};
			name = Debug;
		};
		531C21E9306AE5FE00F949C2 /* Release configuration for PBXNativeTarget "Petit Chef" */ = {
			isa = XCBuildConfiguration;
			buildSettings = {
				ASSETCATALOG_COMPILER_APPICON_NAME = AppIcon;
				ASSETCATALOG_COMPILER_GLOBAL_ACCENT_COLOR_NAME = AccentColor;
				CODE_SIGN_ENTITLEMENTS = "Petit Chef/PetitChef.entitlements";
				CODE_SIGN_STYLE = Automatic;
				CURRENT_PROJECT_VERSION = 1;
				DEVELOPMENT_TEAM = KLKK4ST4B9;
				ENABLE_PREVIEWS = YES;
				GENERATE_INFOPLIST_FILE = YES;
				INFOPLIST_FILE = "Petit Chef/Info.plist";
				INFOPLIST_KEY_CFBundleDisplayName = "Petit Chef";
				INFOPLIST_KEY_UIApplicationSceneManifest_Generation = YES;
				INFOPLIST_KEY_UIApplicationSupportsIndirectInputEvents = YES;
				INFOPLIST_KEY_UILaunchScreen_Generation = YES;
				INFOPLIST_KEY_UISupportedInterfaceOrientations_iPad = "UIInterfaceOrientationPortrait UIInterfaceOrientationPortraitUpsideDown UIInterfaceOrientationLandscapeLeft UIInterfaceOrientationLandscapeRight";
				INFOPLIST_KEY_UISupportedInterfaceOrientations_iPhone = "UIInterfaceOrientationPortrait UIInterfaceOrientationLandscapeLeft UIInterfaceOrientationLandscapeRight";
				LD_RUNPATH_SEARCH_PATHS = (
					"$(inherited)",
					"@executable_path/Frameworks",
				);
				MARKETING_VERSION = 0.3;
				PRODUCT_BUNDLE_IDENTIFIER = "com.marwenp.petitchef.klkk4st4b9";
				PRODUCT_NAME = "$(TARGET_NAME)";
				STRING_CATALOG_GENERATE_SYMBOLS = YES;
				SWIFT_APPROACHABLE_CONCURRENCY = YES;
				SWIFT_DEFAULT_ACTOR_ISOLATION = MainActor;
				SWIFT_EMIT_LOC_STRINGS = YES;
				SWIFT_UPCOMING_FEATURE_MEMBER_IMPORT_VISIBILITY = YES;
				SWIFT_VERSION = 5.0;
				TARGETED_DEVICE_FAMILY = "1,2";
			};
			name = Release;
		};
		531C21EB306AE5FE00F949C2 /* Debug configuration for PBXNativeTarget "Petit ChefTests" */ = {
			isa = XCBuildConfiguration;
			buildSettings = {
				BUNDLE_LOADER = "$(TEST_HOST)";
				CODE_SIGN_STYLE = Automatic;
				CURRENT_PROJECT_VERSION = 1;
				DEVELOPMENT_TEAM = KLKK4ST4B9;
				GENERATE_INFOPLIST_FILE = YES;
				IPHONEOS_DEPLOYMENT_TARGET = 27.0;
				MARKETING_VERSION = 0.3;
				PRODUCT_BUNDLE_IDENTIFIER = "com.marwenp.petitchef.klkk4st4b9Tests";
				PRODUCT_NAME = "$(TARGET_NAME)";
				STRING_CATALOG_GENERATE_SYMBOLS = NO;
				SWIFT_APPROACHABLE_CONCURRENCY = YES;
				SWIFT_EMIT_LOC_STRINGS = NO;
				SWIFT_UPCOMING_FEATURE_MEMBER_IMPORT_VISIBILITY = YES;
				SWIFT_VERSION = 5.0;
				TARGETED_DEVICE_FAMILY = "1,2";
				TEST_HOST = "$(BUILT_PRODUCTS_DIR)/Petit Chef.app/$(BUNDLE_EXECUTABLE_FOLDER_PATH)/Petit Chef";
			};
			name = Debug;
		};
		531C21EC306AE5FE00F949C2 /* Release configuration for PBXNativeTarget "Petit ChefTests" */ = {
			isa = XCBuildConfiguration;
			buildSettings = {
				BUNDLE_LOADER = "$(TEST_HOST)";
				CODE_SIGN_STYLE = Automatic;
				CURRENT_PROJECT_VERSION = 1;
				DEVELOPMENT_TEAM = KLKK4ST4B9;
				GENERATE_INFOPLIST_FILE = YES;
				IPHONEOS_DEPLOYMENT_TARGET = 27.0;
				MARKETING_VERSION = 0.3;
				PRODUCT_BUNDLE_IDENTIFIER = "com.marwenp.petitchef.klkk4st4b9Tests";
				PRODUCT_NAME = "$(TARGET_NAME)";
				STRING_CATALOG_GENERATE_SYMBOLS = NO;
				SWIFT_APPROACHABLE_CONCURRENCY = YES;
				SWIFT_EMIT_LOC_STRINGS = NO;
				SWIFT_UPCOMING_FEATURE_MEMBER_IMPORT_VISIBILITY = YES;
				SWIFT_VERSION = 5.0;
				TARGETED_DEVICE_FAMILY = "1,2";
				TEST_HOST = "$(BUILT_PRODUCTS_DIR)/Petit Chef.app/$(BUNDLE_EXECUTABLE_FOLDER_PATH)/Petit Chef";
			};
			name = Release;
		};
		531C21EE306AE5FE00F949C2 /* Debug configuration for PBXNativeTarget "Petit ChefUITests" */ = {
			isa = XCBuildConfiguration;
			buildSettings = {
				CODE_SIGN_STYLE = Automatic;
				CURRENT_PROJECT_VERSION = 1;
				DEVELOPMENT_TEAM = KLKK4ST4B9;
				GENERATE_INFOPLIST_FILE = YES;
				MARKETING_VERSION = 0.3;
				PRODUCT_BUNDLE_IDENTIFIER = "com.marwenp.petitchef.klkk4st4b9UITests";
				PRODUCT_NAME = "$(TARGET_NAME)";
				STRING_CATALOG_GENERATE_SYMBOLS = NO;
				SWIFT_APPROACHABLE_CONCURRENCY = YES;
				SWIFT_EMIT_LOC_STRINGS = NO;
				SWIFT_UPCOMING_FEATURE_MEMBER_IMPORT_VISIBILITY = YES;
				SWIFT_VERSION = 5.0;
				TARGETED_DEVICE_FAMILY = "1,2";
				TEST_TARGET_NAME = "Petit Chef";
			};
			name = Debug;
		};
		531C21EF306AE5FE00F949C2 /* Release configuration for PBXNativeTarget "Petit ChefUITests" */ = {
			isa = XCBuildConfiguration;
			buildSettings = {
				CODE_SIGN_STYLE = Automatic;
				CURRENT_PROJECT_VERSION = 1;
				DEVELOPMENT_TEAM = KLKK4ST4B9;
				GENERATE_INFOPLIST_FILE = YES;
				MARKETING_VERSION = 0.3;
				PRODUCT_BUNDLE_IDENTIFIER = "com.marwenp.petitchef.klkk4st4b9UITests";
				PRODUCT_NAME = "$(TARGET_NAME)";
				STRING_CATALOG_GENERATE_SYMBOLS = NO;
				SWIFT_APPROACHABLE_CONCURRENCY = YES;
				SWIFT_EMIT_LOC_STRINGS = NO;
				SWIFT_UPCOMING_FEATURE_MEMBER_IMPORT_VISIBILITY = YES;
				SWIFT_VERSION = 5.0;
				TARGETED_DEVICE_FAMILY = "1,2";
				TEST_TARGET_NAME = "Petit Chef";
			};
			name = Release;
		};
		A13C00000000000000000009 /* Debug configuration for PBXNativeTarget "CookingWidgets" */ = {
			isa = XCBuildConfiguration;
			buildSettings = {
				APPLICATION_EXTENSION_API_ONLY = YES;
				CODE_SIGN_STYLE = Automatic;
				CURRENT_PROJECT_VERSION = 1;
				DEVELOPMENT_TEAM = KLKK4ST4B9;
				GENERATE_INFOPLIST_FILE = YES;
				INFOPLIST_FILE = CookingWidgets/Info.plist;
				INFOPLIST_KEY_CFBundleDisplayName = "Petit Chef";
				IPHONEOS_DEPLOYMENT_TARGET = 27.0;
				LD_RUNPATH_SEARCH_PATHS = (
					"$(inherited)",
					"@executable_path/Frameworks",
					"@executable_path/../../Frameworks",
				);
				MARKETING_VERSION = 0.3;
				PRODUCT_BUNDLE_IDENTIFIER = "com.marwenp.petitchef.klkk4st4b9.CookingWidgets";
				PRODUCT_NAME = "$(TARGET_NAME)";
				SKIP_INSTALL = YES;
				SWIFT_EMIT_LOC_STRINGS = YES;
				SWIFT_VERSION = 5.0;
				TARGETED_DEVICE_FAMILY = "1,2";
			};
			name = Debug;
		};
		A13C0000000000000000000A /* Release configuration for PBXNativeTarget "CookingWidgets" */ = {
			isa = XCBuildConfiguration;
			buildSettings = {
				APPLICATION_EXTENSION_API_ONLY = YES;
				CODE_SIGN_STYLE = Automatic;
				CURRENT_PROJECT_VERSION = 1;
				DEVELOPMENT_TEAM = KLKK4ST4B9;
				GENERATE_INFOPLIST_FILE = YES;
				INFOPLIST_FILE = CookingWidgets/Info.plist;
				INFOPLIST_KEY_CFBundleDisplayName = "Petit Chef";
				IPHONEOS_DEPLOYMENT_TARGET = 27.0;
				LD_RUNPATH_SEARCH_PATHS = (
					"$(inherited)",
					"@executable_path/Frameworks",
					"@executable_path/../../Frameworks",
				);
				MARKETING_VERSION = 0.3;
				PRODUCT_BUNDLE_IDENTIFIER = "com.marwenp.petitchef.klkk4st4b9.CookingWidgets";
				PRODUCT_NAME = "$(TARGET_NAME)";
				SKIP_INSTALL = YES;
				SWIFT_EMIT_LOC_STRINGS = YES;
				SWIFT_VERSION = 5.0;
				TARGETED_DEVICE_FAMILY = "1,2";
			};
			name = Release;
		};
/* End XCBuildConfiguration section */

/* Begin XCConfigurationList section */
		531C21C1306AE5FE00F949C2 /* Build configuration list for PBXProject "Petit Chef" */ = {
			isa = XCConfigurationList;
			buildConfigurations = (
				531C21E5306AE5FE00F949C2 /* Debug configuration for PBXProject "Petit Chef" */,
				531C21E6306AE5FE00F949C2 /* Release configuration for PBXProject "Petit Chef" */,
			);
			defaultConfigurationName = Release;
		};
		531C21E7306AE5FE00F949C2 /* Build configuration list for PBXNativeTarget "Petit Chef" */ = {
			isa = XCConfigurationList;
			buildConfigurations = (
				531C21E8306AE5FE00F949C2 /* Debug configuration for PBXNativeTarget "Petit Chef" */,
				531C21E9306AE5FE00F949C2 /* Release configuration for PBXNativeTarget "Petit Chef" */,
			);
			defaultConfigurationName = Release;
		};
		531C21EA306AE5FE00F949C2 /* Build configuration list for PBXNativeTarget "Petit ChefTests" */ = {
			isa = XCConfigurationList;
			buildConfigurations = (
				531C21EB306AE5FE00F949C2 /* Debug configuration for PBXNativeTarget "Petit ChefTests" */,
				531C21EC306AE5FE00F949C2 /* Release configuration for PBXNativeTarget "Petit ChefTests" */,
			);
			defaultConfigurationName = Release;
		};
		531C21ED306AE5FE00F949C2 /* Build configuration list for PBXNativeTarget "Petit ChefUITests" */ = {
			isa = XCConfigurationList;
			buildConfigurations = (
				531C21EE306AE5FE00F949C2 /* Debug configuration for PBXNativeTarget "Petit ChefUITests" */,
				531C21EF306AE5FE00F949C2 /* Release configuration for PBXNativeTarget "Petit ChefUITests" */,
			);
			defaultConfigurationName = Release;
		};
		A13C00000000000000000008 /* Build configuration list for PBXNativeTarget "CookingWidgets" */ = {
			isa = XCConfigurationList;
			buildConfigurations = (
				A13C00000000000000000009 /* Debug configuration for PBXNativeTarget "CookingWidgets" */,
				A13C0000000000000000000A /* Release configuration for PBXNativeTarget "CookingWidgets" */,
			);
			defaultConfigurationName = Release;
		};
/* End XCConfigurationList section */
	};
	rootObject = 531C21BE306AE5FE00F949C2 /* Project object */;
	validationLevel = 1;
}
